
Microsoft Visual Studio Solution File, Format Version 12.00
# Visual Studio Version 16
VisualStudioVersion = 16.0.31624.102
MinimumVisualStudioVersion = 10.0.40219.1
Project("{FAE04EC0-301F-11D3-BF4B-00C04F79EFBC}") = "Nasa Wallpaper Core", "Nasa Wallpaper Core\Nasa Wallpaper Core.csproj", "{358FFBD5-2890-477D-8B5C-6866916020D1}"
EndProject
Global
	GlobalSection(SolutionConfigurationPlatforms) = preSolution
		Debug|Any CPU = Debug|Any CPU
		Release|Any CPU = Release|Any CPU
	EndGlobalSection
	GlobalSection(ProjectConfigurationPlatforms) = postSolution
		{358FFBD5-2890-477D-8B5C-6866916020D1}.Debug|Any CPU.ActiveCfg = Debug|Any CPU
		{358FFBD5-2890-477D-8B5C-6866916020D1}.Debug|Any CPU.Build.0 = Debug|Any CPU
		{358FFBD5-2890-477D-8B5C-6866916020D1}.Release|Any CPU.ActiveCfg = Release|Any CPU
		{358FFBD5-2890-477D-8B5C-6866916020D1}.Release|Any CPU.Build.0 = Release|Any CPU
	EndGlobalSection
	GlobalSection(SolutionProperties) = preSolution
		HideSolutionNode = FALSE
	EndGlobalSection
	GlobalSection(ExtensibilityGlobals) = postSolution
		SolutionGuid = {6A58AF3E-99BF-4C9B-9021-80489513646C}
	EndGlobalSection
EndGlobal
